
Microsoft Visual Studio Solution File, Format Version 12.00
# Visual Studio Version 17
VisualStudioVersion = 17.7.34024.191
MinimumVisualStudioVersion = 10.0.40219.1
Project("{2150E333-8FDC-42A3-9474-1A3956D46DE8}") = "src", "src", "{547C15FF-17BE-408A-98F1-DF05E3332617}"
EndProject
Project("{2150E333-8FDC-42A3-9474-1A3956D46DE8}") = "test", "test", "{8807022E-FB51-43E5-B733-839F2D90BE75}"
EndProject
Project("{2150E333-8FDC-42A3-9474-1A3956D46DE8}") = "pipelines", "pipelines", "{851B2712-F61A-4215-9910-4A5A3880E79B}"
	ProjectSection(SolutionItems) = preProject
		pipelines\build.yaml = pipelines\build.yaml
	EndProjectSection
EndProject
Project("{9A19103F-16F7-4668-BE54-9A1E7A4F7556}") = "Defra.Trade.Events.DAERA.GCNotifier", "src\Defra.Trade.Events.DAERA.GCNotifier\Defra.Trade.Events.DAERA.GCNotifier.csproj", "{A0E9E499-B538-415D-9D01-6108B624CEFE}"
EndProject
Project("{9A19103F-16F7-4668-BE54-9A1E7A4F7556}") = "Defra.Trade.Events.DAERA.GCNotifier.Application", "src\Defra.Trade.Events.DAERA.GCNotifier.Application\Defra.Trade.Events.DAERA.GCNotifier.Application.csproj", "{6B4CBB5F-073B-4A18-B055-9433221CAD69}"
EndProject
Project("{2150E333-8FDC-42A3-9474-1A3956D46DE8}") = "Solution Items", "Solution Items", "{971E3153-C2BB-4AAD-A113-04BA650B281B}"
	ProjectSection(SolutionItems) = preProject
		README.md = README.md
	EndProjectSection
EndProject
Project("{9A19103F-16F7-4668-BE54-9A1E7A4F7556}") = "Defra.Trade.Events.DAERA.GCNotifier.Tests", "test\Defra.Trade.Events.DAERA.GCNotifier.Tests\Defra.Trade.Events.DAERA.GCNotifier.Tests.csproj", "{8EBCF468-250C-4609-B9CB-BE9B1FAA0CFC}"
EndProject
Project("{9A19103F-16F7-4668-BE54-9A1E7A4F7556}") = "Defra.Trade.Events.DAERA.GCNotifier.Application.Tests", "test\Defra.Trade.Events.DAERA.GCNotifier.Application.Tests\Defra.Trade.Events.DAERA.GCNotifier.Application.Tests.csproj", "{EFA9BC92-7A6D-435D-8E0C-E60954360B71}"
EndProject
Project("{2150E333-8FDC-42A3-9474-1A3956D46DE8}") = "DaeraApi", "DaeraApi", "{D54CD5E5-EEFB-4BC9-AF53-76CDD39B0294}"
EndProject
Project("{9A19103F-16F7-4668-BE54-9A1E7A4F7556}") = "Defra.Trade.Events.DAERA.ApiClient", "src\Defra.Trade.Events.DAERA.ApiClient\Defra.Trade.Events.DAERA.ApiClient.csproj", "{6D08ACB4-030C-48EA-B686-90912B89F9C3}"
EndProject
Project("{9A19103F-16F7-4668-BE54-9A1E7A4F7556}") = "Defra.Trade.Events.DAERA.ApiClient.UnitTests", "test\Defra.Trade.Events.DAERA.ApiClient.UnitTests\Defra.Trade.Events.DAERA.ApiClient.UnitTests.csproj", "{7E3E0907-0947-4E4C-9373-389BC8CD5B1B}"
EndProject
Project("{9A19103F-16F7-4668-BE54-9A1E7A4F7556}") = "Defra.Trade.Events.DAERA.GCNotifier.Tests.Common", "test\Defra.Trade.Events.DAERA.GCNotifier.Tests.Common\Defra.Trade.Events.DAERA.GCNotifier.Tests.Common.csproj", "{7DA1F019-0C90-4A86-B09C-8E537A1EFC7C}"
EndProject
Project("{9A19103F-16F7-4668-BE54-9A1E7A4F7556}") = "Defra.Trade.Common.Function.Health", "src\Defra.Trade.Common.Function.Health\Defra.Trade.Common.Function.Health.csproj", "{89B37B0C-71BD-493E-981B-892CDF0AFB14}"
EndProject
Project("{9A19103F-16F7-4668-BE54-9A1E7A4F7556}") = "Defra.Trade.Events.DAERA.GCNotifier.Infra", "src\Defra.Trade.Events.DAERA.GCNotifier.Infra\Defra.Trade.Events.DAERA.GCNotifier.Infra.csproj", "{549B0E91-6DA4-4CA3-9755-EC04F3C84AE1}"
EndProject
Global
	GlobalSection(SolutionConfigurationPlatforms) = preSolution
		Debug|Any CPU = Debug|Any CPU
		Release|Any CPU = Release|Any CPU
	EndGlobalSection
	GlobalSection(ProjectConfigurationPlatforms) = postSolution
		{A0E9E499-B538-415D-9D01-6108B624CEFE}.Debug|Any CPU.ActiveCfg = Debug|Any CPU
		{A0E9E499-B538-415D-9D01-6108B624CEFE}.Debug|Any CPU.Build.0 = Debug|Any CPU
		{A0E9E499-B538-415D-9D01-6108B624CEFE}.Release|Any CPU.ActiveCfg = Release|Any CPU
		{A0E9E499-B538-415D-9D01-6108B624CEFE}.Release|Any CPU.Build.0 = Release|Any CPU
		{6B4CBB5F-073B-4A18-B055-9433221CAD69}.Debug|Any CPU.ActiveCfg = Debug|Any CPU
		{6B4CBB5F-073B-4A18-B055-9433221CAD69}.Debug|Any CPU.Build.0 = Debug|Any CPU
		{6B4CBB5F-073B-4A18-B055-9433221CAD69}.Release|Any CPU.ActiveCfg = Release|Any CPU
		{6B4CBB5F-073B-4A18-B055-9433221CAD69}.Release|Any CPU.Build.0 = Release|Any CPU
		{8EBCF468-250C-4609-B9CB-BE9B1FAA0CFC}.Debug|Any CPU.ActiveCfg = Debug|Any CPU
		{8EBCF468-250C-4609-B9CB-BE9B1FAA0CFC}.Debug|Any CPU.Build.0 = Debug|Any CPU
		{8EBCF468-250C-4609-B9CB-BE9B1FAA0CFC}.Release|Any CPU.ActiveCfg = Release|Any CPU
		{8EBCF468-250C-4609-B9CB-BE9B1FAA0CFC}.Release|Any CPU.Build.0 = Release|Any CPU
		{EFA9BC92-7A6D-435D-8E0C-E60954360B71}.Debug|Any CPU.ActiveCfg = Debug|Any CPU
		{EFA9BC92-7A6D-435D-8E0C-E60954360B71}.Debug|Any CPU.Build.0 = Debug|Any CPU
		{EFA9BC92-7A6D-435D-8E0C-E60954360B71}.Release|Any CPU.ActiveCfg = Release|Any CPU
		{EFA9BC92-7A6D-435D-8E0C-E60954360B71}.Release|Any CPU.Build.0 = Release|Any CPU
		{6D08ACB4-030C-48EA-B686-90912B89F9C3}.Debug|Any CPU.ActiveCfg = Debug|Any CPU
		{6D08ACB4-030C-48EA-B686-90912B89F9C3}.Debug|Any CPU.Build.0 = Debug|Any CPU
		{6D08ACB4-030C-48EA-B686-90912B89F9C3}.Release|Any CPU.ActiveCfg = Release|Any CPU
		{6D08ACB4-030C-48EA-B686-90912B89F9C3}.Release|Any CPU.Build.0 = Release|Any CPU
		{7E3E0907-0947-4E4C-9373-389BC8CD5B1B}.Debug|Any CPU.ActiveCfg = Debug|Any CPU
		{7E3E0907-0947-4E4C-9373-389BC8CD5B1B}.Debug|Any CPU.Build.0 = Debug|Any CPU
		{7E3E0907-0947-4E4C-9373-389BC8CD5B1B}.Release|Any CPU.ActiveCfg = Release|Any CPU
		{7E3E0907-0947-4E4C-9373-389BC8CD5B1B}.Release|Any CPU.Build.0 = Release|Any CPU
		{7DA1F019-0C90-4A86-B09C-8E537A1EFC7C}.Debug|Any CPU.ActiveCfg = Debug|Any CPU
		{7DA1F019-0C90-4A86-B09C-8E537A1EFC7C}.Debug|Any CPU.Build.0 = Debug|Any CPU
		{7DA1F019-0C90-4A86-B09C-8E537A1EFC7C}.Release|Any CPU.ActiveCfg = Release|Any CPU
		{7DA1F019-0C90-4A86-B09C-8E537A1EFC7C}.Release|Any CPU.Build.0 = Release|Any CPU
		{89B37B0C-71BD-493E-981B-892CDF0AFB14}.Debug|Any CPU.ActiveCfg = Debug|Any CPU
		{89B37B0C-71BD-493E-981B-892CDF0AFB14}.Debug|Any CPU.Build.0 = Debug|Any CPU
		{89B37B0C-71BD-493E-981B-892CDF0AFB14}.Release|Any CPU.ActiveCfg = Release|Any CPU
		{89B37B0C-71BD-493E-981B-892CDF0AFB14}.Release|Any CPU.Build.0 = Release|Any CPU
		{549B0E91-6DA4-4CA3-9755-EC04F3C84AE1}.Debug|Any CPU.ActiveCfg = Debug|Any CPU
		{549B0E91-6DA4-4CA3-9755-EC04F3C84AE1}.Debug|Any CPU.Build.0 = Debug|Any CPU
		{549B0E91-6DA4-4CA3-9755-EC04F3C84AE1}.Release|Any CPU.ActiveCfg = Release|Any CPU
		{549B0E91-6DA4-4CA3-9755-EC04F3C84AE1}.Release|Any CPU.Build.0 = Release|Any CPU
	EndGlobalSection
	GlobalSection(SolutionProperties) = preSolution
		HideSolutionNode = FALSE
	EndGlobalSection
	GlobalSection(NestedProjects) = preSolution
		{A0E9E499-B538-415D-9D01-6108B624CEFE} = {547C15FF-17BE-408A-98F1-DF05E3332617}
		{6B4CBB5F-073B-4A18-B055-9433221CAD69} = {547C15FF-17BE-408A-98F1-DF05E3332617}
		{8EBCF468-250C-4609-B9CB-BE9B1FAA0CFC} = {8807022E-FB51-43E5-B733-839F2D90BE75}
		{EFA9BC92-7A6D-435D-8E0C-E60954360B71} = {8807022E-FB51-43E5-B733-839F2D90BE75}
		{D54CD5E5-EEFB-4BC9-AF53-76CDD39B0294} = {547C15FF-17BE-408A-98F1-DF05E3332617}
		{6D08ACB4-030C-48EA-B686-90912B89F9C3} = {D54CD5E5-EEFB-4BC9-AF53-76CDD39B0294}
		{7E3E0907-0947-4E4C-9373-389BC8CD5B1B} = {8807022E-FB51-43E5-B733-839F2D90BE75}
		{7DA1F019-0C90-4A86-B09C-8E537A1EFC7C} = {8807022E-FB51-43E5-B733-839F2D90BE75}
		{89B37B0C-71BD-493E-981B-892CDF0AFB14} = {547C15FF-17BE-408A-98F1-DF05E3332617}
		{549B0E91-6DA4-4CA3-9755-EC04F3C84AE1} = {547C15FF-17BE-408A-98F1-DF05E3332617}
	EndGlobalSection
	GlobalSection(ExtensibilityGlobals) = postSolution
		SolutionGuid = {49B08D9C-EA54-404F-A883-25F399295995}
	EndGlobalSection
EndGlobal
